{
    "requires": true,
    "lockfileVersion": 1,
    "dependencies": {
        "ndk.env": {
            "version": "0.0.4",
            "resolved": "https://registry.npmjs.org/ndk.env/-/ndk.env-0.0.4.tgz",
            "integrity": "sha1-1Z0mWyStTLiommuw+/wO+xuBGeM="
        },
        "ndk.fn": {
            "version": "0.0.4",
            "resolved": "https://registry.npmjs.org/ndk.fn/-/ndk.fn-0.0.4.tgz",
            "integrity": "sha1-v3hB7qZpjGUs78oDWpeull9k3JU=",
            "requires": {
                "ndk.strings": "latest",
                "ndk.type": "latest"
            }
        },
        "ndk.fs": {
            "version": "0.0.5",
            "resolved": "https://registry.npmjs.org/ndk.fs/-/ndk.fs-0.0.5.tgz",
            "integrity": "sha1-z9V0IX8HKGPabZJURPwz9mXalt0=",
            "requires": {
                "ndk.fn": "latest"
            },
            "dependencies": {
                "ndk.fn": {
                    "version": "0.0.4",
                    "resolved": "https://registry.npmjs.org/ndk.fn/-/ndk.fn-0.0.4.tgz",
                    "integrity": "sha1-v3hB7qZpjGUs78oDWpeull9k3JU=",
                    "requires": {
                        "ndk.strings": "latest",
                        "ndk.type": "latest"
                    }
                }
            }
        },
        "ndk.git": {
            "version": "0.0.1",
            "resolved": "https://registry.npmjs.org/ndk.git/-/ndk.git-0.0.1.tgz",
            "integrity": "sha1-06RmkaSKkUUC0+DIrd48DfW/FUM="
        },
        "ndk.src": {
            "version": "0.0.1",
            "resolved": "https://registry.npmjs.org/ndk.src/-/ndk.src-0.0.1.tgz",
            "integrity": "sha512-HbOUwjlLVWUwbGZ38x6abMXdVjaP/UIja4K3Lceyvy1js4A5UEeJ2HlNUWfCn2KC8TLhjJHACfJzOGHA6JcELw==",
            "requires": {
                "ndk.fn": "latest",
                "ndk.fs": "latest",
                "ndk.strings": "latest"
            },
            "dependencies": {
                "ndk.fn": {
                    "version": "0.0.4",
                    "resolved": "https://registry.npmjs.org/ndk.fn/-/ndk.fn-0.0.4.tgz",
                    "integrity": "sha1-v3hB7qZpjGUs78oDWpeull9k3JU=",
                    "requires": {
                        "ndk.strings": "latest",
                        "ndk.type": "latest"
                    }
                },
                "ndk.fs": {
                    "version": "0.0.5",
                    "resolved": "https://registry.npmjs.org/ndk.fs/-/ndk.fs-0.0.5.tgz",
                    "integrity": "sha1-z9V0IX8HKGPabZJURPwz9mXalt0=",
                    "requires": {
                        "ndk.fn": "latest"
                    }
                }
            }
        },
        "ndk.strings": {
            "version": "0.0.4",
            "resolved": "https://registry.npmjs.org/ndk.strings/-/ndk.strings-0.0.4.tgz",
            "integrity": "sha1-/aIAKGY+ZFiPaJq3EKcBIukptB8=",
            "requires": {
                "ndk.env": "latest"
            },
            "dependencies": {
                "ndk.env": {
                    "version": "0.0.4",
                    "resolved": "https://registry.npmjs.org/ndk.env/-/ndk.env-0.0.4.tgz",
                    "integrity": "sha1-1Z0mWyStTLiommuw+/wO+xuBGeM="
                }
            }
        },
        "ndk.type": {
            "version": "0.0.7",
            "resolved": "https://registry.npmjs.org/ndk.type/-/ndk.type-0.0.7.tgz",
            "integrity": "sha1-xIlYUz50FirCA282RPtlbvkZMMk=",
            "requires": {
                "ndk.strings": "latest"
            }
        }
    }
}
